
Microsoft Visual Studio Solution File, Format Version 12.00
# Visual Studio Version 16
VisualStudioVersion = 16.0.31507.150
MinimumVisualStudioVersion = 10.0.40219.1
Project("{9A19103F-16F7-4668-BE54-9A1E7A4F7556}") = "CommonTools", "CommonTools\CommonTools.csproj", "{38A01E4D-EAD3-4C3D-A7D1-8980BCA96E83}"
EndProject
Project("{9A19103F-16F7-4668-BE54-9A1E7A4F7556}") = "LanguageTool", "LanguageTool\LanguageTool.csproj", "{889B830E-A3CC-473D-9EBA-22CCA094328B}"
EndProject
Project("{9A19103F-16F7-4668-BE54-9A1E7A4F7556}") = "Site13Kernel", "Site13Kernel\Site13Kernel.csproj", "{09C1B1D2-21C5-4751-9666-5F7867148395}"
EndProject
Project("{9A19103F-16F7-4668-BE54-9A1E7A4F7556}") = "CampaignScriptEditor", "CampaignScriptEditor\CampaignScriptEditor.csproj", "{5770071D-4FBD-4E01-A3F1-514BD9F95CC9}"
EndProject
Project("{FAE04EC0-301F-11D3-BF4B-00C04F79EFBC}") = "Site13Kernel.UnityEngine", "Site13Kernel.UnityEngine\Site13Kernel.UnityEngine.csproj", "{D50568AF-90CF-4150-AF7B-82E2B24C0E53}"
EndProject
Global
	GlobalSection(SolutionConfigurationPlatforms) = preSolution
		Debug|Any CPU = Debug|Any CPU
		Release|Any CPU = Release|Any CPU
	EndGlobalSection
	GlobalSection(ProjectConfigurationPlatforms) = postSolution
		{38A01E4D-EAD3-4C3D-A7D1-8980BCA96E83}.Debug|Any CPU.ActiveCfg = Debug|Any CPU
		{38A01E4D-EAD3-4C3D-A7D1-8980BCA96E83}.Debug|Any CPU.Build.0 = Debug|Any CPU
		{38A01E4D-EAD3-4C3D-A7D1-8980BCA96E83}.Release|Any CPU.ActiveCfg = Release|Any CPU
		{38A01E4D-EAD3-4C3D-A7D1-8980BCA96E83}.Release|Any CPU.Build.0 = Release|Any CPU
		{889B830E-A3CC-473D-9EBA-22CCA094328B}.Debug|Any CPU.ActiveCfg = Debug|Any CPU
		{889B830E-A3CC-473D-9EBA-22CCA094328B}.Debug|Any CPU.Build.0 = Debug|Any CPU
		{889B830E-A3CC-473D-9EBA-22CCA094328B}.Release|Any CPU.ActiveCfg = Release|Any CPU
		{889B830E-A3CC-473D-9EBA-22CCA094328B}.Release|Any CPU.Build.0 = Release|Any CPU
		{09C1B1D2-21C5-4751-9666-5F7867148395}.Debug|Any CPU.ActiveCfg = Debug|Any CPU
		{09C1B1D2-21C5-4751-9666-5F7867148395}.Debug|Any CPU.Build.0 = Debug|Any CPU
		{09C1B1D2-21C5-4751-9666-5F7867148395}.Release|Any CPU.ActiveCfg = Release|Any CPU
		{09C1B1D2-21C5-4751-9666-5F7867148395}.Release|Any CPU.Build.0 = Release|Any CPU
		{5770071D-4FBD-4E01-A3F1-514BD9F95CC9}.Debug|Any CPU.ActiveCfg = Debug|Any CPU
		{5770071D-4FBD-4E01-A3F1-514BD9F95CC9}.Debug|Any CPU.Build.0 = Debug|Any CPU
		{5770071D-4FBD-4E01-A3F1-514BD9F95CC9}.Release|Any CPU.ActiveCfg = Release|Any CPU
		{5770071D-4FBD-4E01-A3F1-514BD9F95CC9}.Release|Any CPU.Build.0 = Release|Any CPU
		{D50568AF-90CF-4150-AF7B-82E2B24C0E53}.Debug|Any CPU.ActiveCfg = Debug|Any CPU
		{D50568AF-90CF-4150-AF7B-82E2B24C0E53}.Debug|Any CPU.Build.0 = Debug|Any CPU
		{D50568AF-90CF-4150-AF7B-82E2B24C0E53}.Release|Any CPU.ActiveCfg = Release|Any CPU
		{D50568AF-90CF-4150-AF7B-82E2B24C0E53}.Release|Any CPU.Build.0 = Release|Any CPU
	EndGlobalSection
	GlobalSection(SolutionProperties) = preSolution
		HideSolutionNode = FALSE
	EndGlobalSection
	GlobalSection(ExtensibilityGlobals) = postSolution
		SolutionGuid = {8E34229B-E319-40CB-BEAF-803253F6CEB0}
	EndGlobalSection
EndGlobal
