
Microsoft Visual Studio Solution File, Format Version 12.00
# Visual Studio Version 17
VisualStudioVersion = 17.3.32611.2
MinimumVisualStudioVersion = 10.0.40219.1
Project("{9A19103F-16F7-4668-BE54-9A1E7A4F7556}") = "CommonTools", "CommonTools\CommonTools.csproj", "{38A01E4D-EAD3-4C3D-A7D1-8980BCA96E83}"
EndProject
Project("{9A19103F-16F7-4668-BE54-9A1E7A4F7556}") = "LanguageTool", "LanguageTool\LanguageTool.csproj", "{889B830E-A3CC-473D-9EBA-22CCA094328B}"
EndProject
Project("{9A19103F-16F7-4668-BE54-9A1E7A4F7556}") = "Site13Kernel", "Site13Kernel\Site13Kernel.csproj", "{09C1B1D2-21C5-4751-9666-5F7867148395}"
EndProject
Project("{9A19103F-16F7-4668-BE54-9A1E7A4F7556}") = "CampaignScriptEditor", "CampaignScriptEditor\CampaignScriptEditor.csproj", "{5770071D-4FBD-4E01-A3F1-514BD9F95CC9}"
EndProject
Project("{9A19103F-16F7-4668-BE54-9A1E7A4F7556}") = "Site13Kernel.UnityEngine", "Site13Kernel.UnityEngine\Site13Kernel.UnityEngine.csproj", "{D50568AF-90CF-4150-AF7B-82E2B24C0E53}"
EndProject
Project("{9A19103F-16F7-4668-BE54-9A1E7A4F7556}") = "Site13Kernel.Tools", "Site13Kernel.Tools\Site13Kernel.Tools.csproj", "{6CB6AAF8-F272-4425-9F22-84BA7F5E7342}"
EndProject
Project("{9A19103F-16F7-4668-BE54-9A1E7A4F7556}") = "Site-13-Tool", "Site-13-Tool\Site-13-Tool.csproj", "{BEE296CA-5954-4C0C-A93A-B972EC7D3F16}"
EndProject
Project("{9A19103F-16F7-4668-BE54-9A1E7A4F7556}") = "Site13Kernel.Tests", "Site13Kernel.Tests\Site13Kernel.Tests.csproj", "{B7C7413D-4767-4CB3-8052-FF569C36842E}"
EndProject
Project("{9A19103F-16F7-4668-BE54-9A1E7A4F7556}") = "Site13Kernel.UnityEngine.Editor", "Site13Kernel.UnityEngine.Editor\Site13Kernel.UnityEngine.Editor.csproj", "{FCA9D386-A09D-4203-A388-FC39D6E79129}"
EndProject
Project("{9A19103F-16F7-4668-BE54-9A1E7A4F7556}") = "BTNodeEditor", "BTNodeEditor\BTNodeEditor.csproj", "{B1399E41-BEB7-4B05-B183-D32C1B18B553}"
EndProject
Project("{9A19103F-16F7-4668-BE54-9A1E7A4F7556}") = "BTNodeCompiler", "BTNodeCompiler\BTNodeCompiler.csproj", "{9BB88DD5-958F-42C8-9C7D-2DC4D02551A1}"
EndProject
Project("{2150E333-8FDC-42A3-9474-1A3956D46DE8}") = "BTNode", "BTNode", "{AD82D0B3-66B2-4A3A-9780-6AEBF3291975}"
EndProject
Project("{9A19103F-16F7-4668-BE54-9A1E7A4F7556}") = "BTNodeBuilder", "BTNode\BTNodeBuilder\BTNodeBuilder.csproj", "{0BB5691A-30CE-43B7-8506-E24F87CD9779}"
EndProject
Project("{9A19103F-16F7-4668-BE54-9A1E7A4F7556}") = "BTNode.Core", "BTNode\BTNode.Core\BTNode.Core.csproj", "{D1EA6B94-1A6F-4D41-8496-C53195C1765C}"
EndProject
Project("{2150E333-8FDC-42A3-9474-1A3956D46DE8}") = "Site13Project", "Site13Project", "{E3B289BF-BCB8-441C-A0D6-206CBA25E13C}"
EndProject
Project("{9A19103F-16F7-4668-BE54-9A1E7A4F7556}") = "Site13Project.Core", "Site13Project\Site13Project.Core\Site13Project.Core.csproj", "{79860365-03B4-4241-9736-EA3474CFAF72}"
EndProject
Global
	GlobalSection(SolutionConfigurationPlatforms) = preSolution
		Debug|Any CPU = Debug|Any CPU
		Release|Any CPU = Release|Any CPU
	EndGlobalSection
	GlobalSection(ProjectConfigurationPlatforms) = postSolution
		{38A01E4D-EAD3-4C3D-A7D1-8980BCA96E83}.Debug|Any CPU.ActiveCfg = Debug|Any CPU
		{38A01E4D-EAD3-4C3D-A7D1-8980BCA96E83}.Debug|Any CPU.Build.0 = Debug|Any CPU
		{38A01E4D-EAD3-4C3D-A7D1-8980BCA96E83}.Release|Any CPU.ActiveCfg = Release|Any CPU
		{38A01E4D-EAD3-4C3D-A7D1-8980BCA96E83}.Release|Any CPU.Build.0 = Release|Any CPU
		{889B830E-A3CC-473D-9EBA-22CCA094328B}.Debug|Any CPU.ActiveCfg = Debug|Any CPU
		{889B830E-A3CC-473D-9EBA-22CCA094328B}.Debug|Any CPU.Build.0 = Debug|Any CPU
		{889B830E-A3CC-473D-9EBA-22CCA094328B}.Release|Any CPU.ActiveCfg = Release|Any CPU
		{889B830E-A3CC-473D-9EBA-22CCA094328B}.Release|Any CPU.Build.0 = Release|Any CPU
		{09C1B1D2-21C5-4751-9666-5F7867148395}.Debug|Any CPU.ActiveCfg = Debug|Any CPU
		{09C1B1D2-21C5-4751-9666-5F7867148395}.Debug|Any CPU.Build.0 = Debug|Any CPU
		{09C1B1D2-21C5-4751-9666-5F7867148395}.Release|Any CPU.ActiveCfg = Release|Any CPU
		{09C1B1D2-21C5-4751-9666-5F7867148395}.Release|Any CPU.Build.0 = Release|Any CPU
		{5770071D-4FBD-4E01-A3F1-514BD9F95CC9}.Debug|Any CPU.ActiveCfg = Debug|Any CPU
		{5770071D-4FBD-4E01-A3F1-514BD9F95CC9}.Debug|Any CPU.Build.0 = Debug|Any CPU
		{5770071D-4FBD-4E01-A3F1-514BD9F95CC9}.Release|Any CPU.ActiveCfg = Release|Any CPU
		{5770071D-4FBD-4E01-A3F1-514BD9F95CC9}.Release|Any CPU.Build.0 = Release|Any CPU
		{D50568AF-90CF-4150-AF7B-82E2B24C0E53}.Debug|Any CPU.ActiveCfg = Debug|Any CPU
		{D50568AF-90CF-4150-AF7B-82E2B24C0E53}.Debug|Any CPU.Build.0 = Debug|Any CPU
		{D50568AF-90CF-4150-AF7B-82E2B24C0E53}.Release|Any CPU.ActiveCfg = Release|Any CPU
		{D50568AF-90CF-4150-AF7B-82E2B24C0E53}.Release|Any CPU.Build.0 = Release|Any CPU
		{6CB6AAF8-F272-4425-9F22-84BA7F5E7342}.Debug|Any CPU.ActiveCfg = Debug|Any CPU
		{6CB6AAF8-F272-4425-9F22-84BA7F5E7342}.Debug|Any CPU.Build.0 = Debug|Any CPU
		{6CB6AAF8-F272-4425-9F22-84BA7F5E7342}.Release|Any CPU.ActiveCfg = Release|Any CPU
		{6CB6AAF8-F272-4425-9F22-84BA7F5E7342}.Release|Any CPU.Build.0 = Release|Any CPU
		{BEE296CA-5954-4C0C-A93A-B972EC7D3F16}.Debug|Any CPU.ActiveCfg = Debug|Any CPU
		{BEE296CA-5954-4C0C-A93A-B972EC7D3F16}.Debug|Any CPU.Build.0 = Debug|Any CPU
		{BEE296CA-5954-4C0C-A93A-B972EC7D3F16}.Release|Any CPU.ActiveCfg = Release|Any CPU
		{BEE296CA-5954-4C0C-A93A-B972EC7D3F16}.Release|Any CPU.Build.0 = Release|Any CPU
		{B7C7413D-4767-4CB3-8052-FF569C36842E}.Debug|Any CPU.ActiveCfg = Debug|Any CPU
		{B7C7413D-4767-4CB3-8052-FF569C36842E}.Debug|Any CPU.Build.0 = Debug|Any CPU
		{B7C7413D-4767-4CB3-8052-FF569C36842E}.Release|Any CPU.ActiveCfg = Release|Any CPU
		{B7C7413D-4767-4CB3-8052-FF569C36842E}.Release|Any CPU.Build.0 = Release|Any CPU
		{FCA9D386-A09D-4203-A388-FC39D6E79129}.Debug|Any CPU.ActiveCfg = Debug|Any CPU
		{FCA9D386-A09D-4203-A388-FC39D6E79129}.Debug|Any CPU.Build.0 = Debug|Any CPU
		{FCA9D386-A09D-4203-A388-FC39D6E79129}.Release|Any CPU.ActiveCfg = Release|Any CPU
		{FCA9D386-A09D-4203-A388-FC39D6E79129}.Release|Any CPU.Build.0 = Release|Any CPU
		{B1399E41-BEB7-4B05-B183-D32C1B18B553}.Debug|Any CPU.ActiveCfg = Debug|Any CPU
		{B1399E41-BEB7-4B05-B183-D32C1B18B553}.Debug|Any CPU.Build.0 = Debug|Any CPU
		{B1399E41-BEB7-4B05-B183-D32C1B18B553}.Release|Any CPU.ActiveCfg = Release|Any CPU
		{B1399E41-BEB7-4B05-B183-D32C1B18B553}.Release|Any CPU.Build.0 = Release|Any CPU
		{9BB88DD5-958F-42C8-9C7D-2DC4D02551A1}.Debug|Any CPU.ActiveCfg = Debug|Any CPU
		{9BB88DD5-958F-42C8-9C7D-2DC4D02551A1}.Debug|Any CPU.Build.0 = Debug|Any CPU
		{9BB88DD5-958F-42C8-9C7D-2DC4D02551A1}.Release|Any CPU.ActiveCfg = Release|Any CPU
		{9BB88DD5-958F-42C8-9C7D-2DC4D02551A1}.Release|Any CPU.Build.0 = Release|Any CPU
		{0BB5691A-30CE-43B7-8506-E24F87CD9779}.Debug|Any CPU.ActiveCfg = Debug|Any CPU
		{0BB5691A-30CE-43B7-8506-E24F87CD9779}.Debug|Any CPU.Build.0 = Debug|Any CPU
		{0BB5691A-30CE-43B7-8506-E24F87CD9779}.Release|Any CPU.ActiveCfg = Release|Any CPU
		{0BB5691A-30CE-43B7-8506-E24F87CD9779}.Release|Any CPU.Build.0 = Release|Any CPU
		{D1EA6B94-1A6F-4D41-8496-C53195C1765C}.Debug|Any CPU.ActiveCfg = Debug|Any CPU
		{D1EA6B94-1A6F-4D41-8496-C53195C1765C}.Debug|Any CPU.Build.0 = Debug|Any CPU
		{D1EA6B94-1A6F-4D41-8496-C53195C1765C}.Release|Any CPU.ActiveCfg = Release|Any CPU
		{D1EA6B94-1A6F-4D41-8496-C53195C1765C}.Release|Any CPU.Build.0 = Release|Any CPU
		{79860365-03B4-4241-9736-EA3474CFAF72}.Debug|Any CPU.ActiveCfg = Debug|Any CPU
		{79860365-03B4-4241-9736-EA3474CFAF72}.Debug|Any CPU.Build.0 = Debug|Any CPU
		{79860365-03B4-4241-9736-EA3474CFAF72}.Release|Any CPU.ActiveCfg = Release|Any CPU
		{79860365-03B4-4241-9736-EA3474CFAF72}.Release|Any CPU.Build.0 = Release|Any CPU
	EndGlobalSection
	GlobalSection(SolutionProperties) = preSolution
		HideSolutionNode = FALSE
	EndGlobalSection
	GlobalSection(NestedProjects) = preSolution
		{B1399E41-BEB7-4B05-B183-D32C1B18B553} = {AD82D0B3-66B2-4A3A-9780-6AEBF3291975}
		{9BB88DD5-958F-42C8-9C7D-2DC4D02551A1} = {AD82D0B3-66B2-4A3A-9780-6AEBF3291975}
		{0BB5691A-30CE-43B7-8506-E24F87CD9779} = {AD82D0B3-66B2-4A3A-9780-6AEBF3291975}
		{D1EA6B94-1A6F-4D41-8496-C53195C1765C} = {AD82D0B3-66B2-4A3A-9780-6AEBF3291975}
		{79860365-03B4-4241-9736-EA3474CFAF72} = {E3B289BF-BCB8-441C-A0D6-206CBA25E13C}
	EndGlobalSection
	GlobalSection(ExtensibilityGlobals) = postSolution
		SolutionGuid = {8E34229B-E319-40CB-BEAF-803253F6CEB0}
	EndGlobalSection
EndGlobal
